{
  "name": "cypress-extender-arrays",
  "version": "1.0.1",
  "lockfileVersion": 2,
  "requires": true,
  "packages": {
    "": {
      "name": "cypress-extender-arrays",
      "version": "1.0.1",
      "license": "MIT",
      "dependencies": {
        "cypress-cdp": "^1.3.0"
      }
    },
    "node_modules/cypress-cdp": {
      "version": "1.3.0",
      "resolved": "https://registry.npmjs.org/cypress-cdp/-/cypress-cdp-1.3.0.tgz",
      "integrity": "sha512-w/UAvb5SMivAXyXKG/rshtxR+OnWcn7IVSiGh8LC72+4ZI4sjCD64jSMh99frUN4qIw7vfqueckZC3FQEKbdmw=="
    }
  },
  "dependencies": {
    "cypress-cdp": {
      "version": "1.3.0",
      "resolved": "https://registry.npmjs.org/cypress-cdp/-/cypress-cdp-1.3.0.tgz",
      "integrity": "sha512-w/UAvb5SMivAXyXKG/rshtxR+OnWcn7IVSiGh8LC72+4ZI4sjCD64jSMh99frUN4qIw7vfqueckZC3FQEKbdmw=="
    }
  }
}
